
Microsoft Visual Studio Solution File, Format Version 12.00
# Visual Studio Version 16
VisualStudioVersion = 16.0.30711.63
MinimumVisualStudioVersion = 10.0.40219.1
Project("{FAE04EC0-301F-11D3-BF4B-00C04F79EFBC}") = "Creative Commons Music Project", "Creative Commons Music Project.csproj", "{27423FA3-7A59-4AA3-8759-1B358F525CB0}"
EndProject
Project("{FAE04EC0-301F-11D3-BF4B-00C04F79EFBC}") = "MyDebug", "..\Debug\MyDebug.csproj", "{5E14657C-2D33-4651-BBB9-CD05B9FC6178}"
EndProject
Global
	GlobalSection(SolutionConfigurationPlatforms) = preSolution
		Debug|Any CPU = Debug|Any CPU
		Release|Any CPU = Release|Any CPU
	EndGlobalSection
	GlobalSection(ProjectConfigurationPlatforms) = postSolution
		{27423FA3-7A59-4AA3-8759-1B358F525CB0}.Debug|Any CPU.ActiveCfg = Debug|Any CPU
		{27423FA3-7A59-4AA3-8759-1B358F525CB0}.Debug|Any CPU.Build.0 = Debug|Any CPU
		{27423FA3-7A59-4AA3-8759-1B358F525CB0}.Release|Any CPU.ActiveCfg = Release|Any CPU
		{27423FA3-7A59-4AA3-8759-1B358F525CB0}.Release|Any CPU.Build.0 = Release|Any CPU
		{5E14657C-2D33-4651-BBB9-CD05B9FC6178}.Debug|Any CPU.ActiveCfg = Debug|Any CPU
		{5E14657C-2D33-4651-BBB9-CD05B9FC6178}.Debug|Any CPU.Build.0 = Debug|Any CPU
		{5E14657C-2D33-4651-BBB9-CD05B9FC6178}.Release|Any CPU.ActiveCfg = Release|Any CPU
		{5E14657C-2D33-4651-BBB9-CD05B9FC6178}.Release|Any CPU.Build.0 = Release|Any CPU
	EndGlobalSection
	GlobalSection(SolutionProperties) = preSolution
		HideSolutionNode = FALSE
	EndGlobalSection
	GlobalSection(ExtensibilityGlobals) = postSolution
		SolutionGuid = {6EC0E318-4FF2-4244-A0AB-7D05A9236554}
	EndGlobalSection
EndGlobal
